
Microsoft Visual Studio Solution File, Format Version 12.00
# Visual Studio Version 17
VisualStudioVersion = 17.13.35818.85 d17.13
MinimumVisualStudioVersion = 10.0.40219.1
Project("{FAE04EC0-301F-11D3-BF4B-00C04F79EFBC}") = "Зоопарк", "Зоопарк.csproj", "{D9267B34-81CA-4349-AEDC-68C36E0EEDFA}"
EndProject
Global
	GlobalSection(SolutionConfigurationPlatforms) = preSolution
		Debug|Any CPU = Debug|Any CPU
		Release|Any CPU = Release|Any CPU
	EndGlobalSection
	GlobalSection(ProjectConfigurationPlatforms) = postSolution
		{D9267B34-81CA-4349-AEDC-68C36E0EEDFA}.Debug|Any CPU.ActiveCfg = Debug|Any CPU
		{D9267B34-81CA-4349-AEDC-68C36E0EEDFA}.Debug|Any CPU.Build.0 = Debug|Any CPU
		{D9267B34-81CA-4349-AEDC-68C36E0EEDFA}.Release|Any CPU.ActiveCfg = Release|Any CPU
		{D9267B34-81CA-4349-AEDC-68C36E0EEDFA}.Release|Any CPU.Build.0 = Release|Any CPU
	EndGlobalSection
	GlobalSection(SolutionProperties) = preSolution
		HideSolutionNode = FALSE
	EndGlobalSection
	GlobalSection(ExtensibilityGlobals) = postSolution
		SolutionGuid = {28DDE7B3-50B7-48DA-97DD-D0AA0557DB25}
	EndGlobalSection
EndGlobal
